
Microsoft Visual Studio Solution File, Format Version 12.00
# Visual Studio 15
VisualStudioVersion = 15.0.26730.15
MinimumVisualStudioVersion = 10.0.40219.1
Project("{FAE04EC0-301F-11D3-BF4B-00C04F79EFBC}") = "TcpStreamProxy_Tests", "TcpStreamProxy_Tests\TcpStreamProxy_Tests.csproj", "{859E5BBA-472B-44C8-A257-BC85EAF11684}"
EndProject
Project("{FAE04EC0-301F-11D3-BF4B-00C04F79EFBC}") = "TcpStreamProxy", "TcpStreamProxy\TcpStreamProxy.csproj", "{D6CCDDFE-032E-4AB0-A0E9-3CC701E37253}"
EndProject
Global
	GlobalSection(SolutionConfigurationPlatforms) = preSolution
		Debug|Any CPU = Debug|Any CPU
		Release|Any CPU = Release|Any CPU
	EndGlobalSection
	GlobalSection(ProjectConfigurationPlatforms) = postSolution
		{859E5BBA-472B-44C8-A257-BC85EAF11684}.Debug|Any CPU.ActiveCfg = Debug|Any CPU
		{859E5BBA-472B-44C8-A257-BC85EAF11684}.Debug|Any CPU.Build.0 = Debug|Any CPU
		{859E5BBA-472B-44C8-A257-BC85EAF11684}.Release|Any CPU.ActiveCfg = Release|Any CPU
		{859E5BBA-472B-44C8-A257-BC85EAF11684}.Release|Any CPU.Build.0 = Release|Any CPU
		{D6CCDDFE-032E-4AB0-A0E9-3CC701E37253}.Debug|Any CPU.ActiveCfg = Debug|Any CPU
		{D6CCDDFE-032E-4AB0-A0E9-3CC701E37253}.Debug|Any CPU.Build.0 = Debug|Any CPU
		{D6CCDDFE-032E-4AB0-A0E9-3CC701E37253}.Release|Any CPU.ActiveCfg = Release|Any CPU
		{D6CCDDFE-032E-4AB0-A0E9-3CC701E37253}.Release|Any CPU.Build.0 = Release|Any CPU
	EndGlobalSection
	GlobalSection(SolutionProperties) = preSolution
		HideSolutionNode = FALSE
	EndGlobalSection
	GlobalSection(ExtensibilityGlobals) = postSolution
		SolutionGuid = {91040D94-18D7-412E-B457-ADC383E78511}
	EndGlobalSection
EndGlobal
